{
  "name": "mineguard-aml",
  "version": "1.0.0",
  "lockfileVersion": 3,
  "requires": true,
  "packages": {
    "": {
      "name": "mineguard-aml",
      "version": "1.0.0",
      "devDependencies": {
        "supabase": "^2.116.0"
      }
    },
    "node_modules/@ecies/ciphers": {
      "version": "0.2.6",
      "resolved": "https://registry.npmjs.org/@ecies/ciphers/-/ciphers-0.2.6.tgz",
      "integrity": "sha512-patgsRPKGkhhoBjETV4XxD0En4ui5fbX0hzayqI3M8tvNMGUoUvmyYAIWwlxBc1KX5cturfqByYdj5bYGRpN9g==",
      "dev": true,
      "license": "MIT",
      "engines": {
        "bun": ">=1",
        "deno": ">=2.7.10",
        "node": ">=16"
      },
      "peerDependencies": {
        "@noble/ciphers": "^1.0.0"
      }
    },
    "node_modules/@noble/ciphers": {
      "version": "1.3.0",
      "resolved": "https://registry.npmjs.org/@noble/ciphers/-/ciphers-1.3.0.tgz",
      "integrity": "sha512-2I0gnIVPtfnMw9ee9h1dJG7tp81+8Ob3OJb3Mv37rx5L40/b0i7djjCVvGOVqc9AEIQyvyu1i6ypKdFw8R8gQw==",
      "dev": true,
      "license": "MIT",
      "engines": {
        "node": "^14.21.3 || >=16"
      },
      "funding": {
        "url": "https://paulmillr.com/funding/"
      }
    },
    "node_modules/@noble/curves": {
      "version": "1.9.7",
      "resolved": "https://registry.npmjs.org/@noble/curves/-/curves-1.9.7.tgz",
      "integrity": "sha512-gbKGcRUYIjA3/zCCNaWDciTMFI0dCkvou3TL8Zmy5Nc7sJ47a0jtOeZoTaMxkuqRo9cRhjOdZJXegxYE5FN/xw==",
      "dev": true,
      "license": "MIT",
      "dependencies": {
        "@noble/hashes": "1.8.0"
      },
      "engines": {
        "node": "^14.21.3 || >=16"
      },
      "funding": {
        "url": "https://paulmillr.com/funding/"
      }
    },
    "node_modules/@noble/hashes": {
      "version": "1.8.0",
      "resolved": "https://registry.npmjs.org/@noble/hashes/-/hashes-1.8.0.tgz",
      "integrity": "sha512-jCs9ldd7NwzpgXDIf6P3+NrHh9/sD6CQdxHyjQI+h/6rDNo88ypBxxz45UDuZHz9r3tNz7N/VInSVoVdtXEI4A==",
      "dev": true,
      "license": "MIT",
      "engines": {
        "node": "^14.21.3 || >=16"
      },
      "funding": {
        "url": "https://paulmillr.com/funding/"
      }
    },
    "node_modules/@supabase/cli-darwin-arm64": {
      "version": "2.116.0",
      "resolved": "https://registry.npmjs.org/@supabase/cli-darwin-arm64/-/cli-darwin-arm64-2.116.0.tgz",
      "integrity": "sha512-Mvfxf5q7oQ1KR59ndFFyGkh12IfwKH5ZOv7OWtHsFkBuwHtHiJgY6Zwd3w09tnat4spkpDTFavclBlLsOQnh2A==",
      "cpu": [
        "arm64"
      ],
      "dev": true,
      "license": "MIT",
      "optional": true,
      "os": [
        "darwin"
      ]
    },
    "node_modules/@supabase/cli-darwin-x64": {
      "version": "2.116.0",
      "resolved": "https://registry.npmjs.org/@supabase/cli-darwin-x64/-/cli-darwin-x64-2.116.0.tgz",
      "integrity": "sha512-dxKmIPcVunC8sPTuU+eVWj2SOB5tLoRTE5FX6J/KMZhGH03khTn6ptHvaanZp0YwaACbm//uoffUlJKZrAgt0w==",
      "cpu": [
        "x64"
      ],
      "dev": true,
      "license": "MIT",
      "optional": true,
      "os": [
        "darwin"
      ]
    },
    "node_modules/@supabase/cli-linux-arm64": {
      "version": "2.116.0",
      "resolved": "https://registry.npmjs.org/@supabase/cli-linux-arm64/-/cli-linux-arm64-2.116.0.tgz",
      "integrity": "sha512-ZmV96NQqcgx1MH4jWdfyqqjLghy57mRI5bysy6lM7MezsirQh+eXaOdWI0xCy7r7FA09k2fKLGh+r7r0X3mxBg==",
      "cpu": [
        "arm64"
      ],
      "dev": true,
      "license": "MIT",
      "optional": true,
      "os": [
        "linux"
      ]
    },
    "node_modules/@supabase/cli-linux-arm64-musl": {
      "version": "2.116.0",
      "resolved": "https://registry.npmjs.org/@supabase/cli-linux-arm64-musl/-/cli-linux-arm64-musl-2.116.0.tgz",
      "integrity": "sha512-6lYrbKFJT5NKbEKGBJTArEc1F3oMfWxnQeq8+RZ4wSLjCq4uwluh6+fzKCsLVxZgPOg4r+RZRqDdb+/cLi0yyg==",
      "cpu": [
        "arm64"
      ],
      "dev": true,
      "license": "MIT",
      "optional": true,
      "os": [
        "linux"
      ]
    },
    "node_modules/@supabase/cli-linux-x64": {
      "version": "2.116.0",
      "resolved": "https://registry.npmjs.org/@supabase/cli-linux-x64/-/cli-linux-x64-2.116.0.tgz",
      "integrity": "sha512-o0PvHKyQSKEuC3jJqeV2qorgyMIFGDWQ1Bj+OXf0p80ddgktnJFlDElCU+VDKZkuwLC6vO/LMoBql34zFHzXhw==",
      "cpu": [
        "x64"
      ],
      "dev": true,
      "license": "MIT",
      "optional": true,
      "os": [
        "linux"
      ]
    },
    "node_modules/@supabase/cli-linux-x64-musl": {
      "version": "2.116.0",
      "resolved": "https://registry.npmjs.org/@supabase/cli-linux-x64-musl/-/cli-linux-x64-musl-2.116.0.tgz",
      "integrity": "sha512-EtPJPHUvLHvXHkvZHAEr+i6w/bDVm5BOPD+09uXgUffsUbNAzfZ8r7Fb94+SfWI+dQwivw4WmijsX7tlx61Zcg==",
      "cpu": [
        "x64"
      ],
      "dev": true,
      "license": "MIT",
      "optional": true,
      "os": [
        "linux"
      ]
    },
    "node_modules/@supabase/cli-windows-arm64": {
      "version": "2.116.0",
      "resolved": "https://registry.npmjs.org/@supabase/cli-windows-arm64/-/cli-windows-arm64-2.116.0.tgz",
      "integrity": "sha512-IiglNMXXssDiZbeSRvixYH7eYDDvhiEa2CrOSj419jO5vLrMKvzi1ATxe8E4i7MpKuI9S5U/3tA3rFlIMHtwrg==",
      "cpu": [
        "arm64"
      ],
      "dev": true,
      "license": "MIT",
      "optional": true,
      "os": [
        "win32"
      ]
    },
    "node_modules/@supabase/cli-windows-x64": {
      "version": "2.116.0",
      "resolved": "https://registry.npmjs.org/@supabase/cli-windows-x64/-/cli-windows-x64-2.116.0.tgz",
      "integrity": "sha512-pz4zNDs3KCEx0l9JS9Xaiuzd5WXrISajVlBSxC5/2Jyo2+g+N/ftQJDYTHQ6Jir5fNelIqSHIXZelmGds14upw==",
      "cpu": [
        "x64"
      ],
      "dev": true,
      "license": "MIT",
      "optional": true,
      "os": [
        "win32"
      ]
    },
    "node_modules/eciesjs": {
      "version": "0.5.0",
      "resolved": "https://registry.npmjs.org/eciesjs/-/eciesjs-0.5.0.tgz",
      "integrity": "sha512-s0J9SEVYAEPg7J63GFMApLYzPH9VNIQIyC6s15JpnqVc0TqcKWdbgFlnAweEBRyMmko2dcs2sfC83Hj4J43tuA==",
      "dev": true,
      "license": "MIT",
      "dependencies": {
        "@ecies/ciphers": "^0.2.6",
        "@noble/ciphers": "^1.3.0",
        "@noble/curves": "^1.9.7",
        "@noble/hashes": "^1.8.0"
      },
      "engines": {
        "bun": ">=1",
        "deno": ">=2.7.10",
        "node": ">=16"
      }
    },
    "node_modules/jose": {
      "version": "6.2.10",
      "resolved": "https://registry.npmjs.org/jose/-/jose-6.2.10.tgz",
      "integrity": "sha512-iiW7J9qRFlGxvCOIBDBDxFePQSn7ZMAnrYGhrrOo6siO/MIqwfyilLR27pkfDgUk+raLuzADS8A3S/KLBisc0g==",
      "dev": true,
      "license": "MIT",
      "funding": {
        "url": "https://github.com/sponsors/panva"
      }
    },
    "node_modules/supabase": {
      "version": "2.116.0",
      "resolved": "https://registry.npmjs.org/supabase/-/supabase-2.116.0.tgz",
      "integrity": "sha512-cMUHkpjBacq4oLGWnMM2HC2drmUlAlfN/PQb31RARoIdYJ8sqA0xONvqBR6yd5v7w8dXuCPwvfd4N1NTHjBKEw==",
      "dev": true,
      "license": "MIT",
      "dependencies": {
        "eciesjs": "^0.5.0",
        "jose": "^6.2.9"
      },
      "bin": {
        "supabase": "dist/supabase.js"
      },
      "optionalDependencies": {
        "@supabase/cli-darwin-arm64": "2.116.0",
        "@supabase/cli-darwin-x64": "2.116.0",
        "@supabase/cli-linux-arm64": "2.116.0",
        "@supabase/cli-linux-arm64-musl": "2.116.0",
        "@supabase/cli-linux-x64": "2.116.0",
        "@supabase/cli-linux-x64-musl": "2.116.0",
        "@supabase/cli-windows-arm64": "2.116.0",
        "@supabase/cli-windows-x64": "2.116.0"
      }
    }
  }
}
